
Microsoft Visual Studio Solution File, Format Version 12.00
# Visual Studio 15
VisualStudioVersion = 15.0.26730.15
MinimumVisualStudioVersion = 10.0.40219.1
Project("{E24C65DC-7377-472B-9ABA-BC803B73C61A}") = "BISM", "E:\Source Code\Angular\BISM\", "{2F0695D3-FEEA-4116-A68F-A5AE2441B3B8}"
	ProjectSection(WebsiteProperties) = preProject
		TargetFrameworkMoniker = ".NETFramework,Version%3Dv4.6.2"
		Debug.AspNetCompiler.VirtualPath = "/localhost_31124"
		Debug.AspNetCompiler.PhysicalPath = "E:\Source Code\Angular\BISM\"
		Debug.AspNetCompiler.TargetPath = "PrecompiledWeb\localhost_31124\"
		Debug.AspNetCompiler.Updateable = "true"
		Debug.AspNetCompiler.ForceOverwrite = "true"
		Debug.AspNetCompiler.FixedNames = "false"
		Debug.AspNetCompiler.Debug = "True"
		Release.AspNetCompiler.VirtualPath = "/localhost_31124"
		Release.AspNetCompiler.PhysicalPath = "E:\Source Code\Angular\BISM\"
		Release.AspNetCompiler.TargetPath = "PrecompiledWeb\localhost_31124\"
		Release.AspNetCompiler.Updateable = "true"
		Release.AspNetCompiler.ForceOverwrite = "true"
		Release.AspNetCompiler.FixedNames = "false"
		Release.AspNetCompiler.Debug = "False"
		VWDPort = "31124"
		SlnRelativePath = "E:\Source Code\Angular\BISM\"
	EndProjectSection
EndProject
Global
	GlobalSection(SolutionConfigurationPlatforms) = preSolution
		Debug|Any CPU = Debug|Any CPU
	EndGlobalSection
	GlobalSection(ProjectConfigurationPlatforms) = postSolution
		{2F0695D3-FEEA-4116-A68F-A5AE2441B3B8}.Debug|Any CPU.ActiveCfg = Debug|Any CPU
		{2F0695D3-FEEA-4116-A68F-A5AE2441B3B8}.Debug|Any CPU.Build.0 = Debug|Any CPU
	EndGlobalSection
	GlobalSection(SolutionProperties) = preSolution
		HideSolutionNode = FALSE
	EndGlobalSection
	GlobalSection(ExtensibilityGlobals) = postSolution
		SolutionGuid = {560F6D8A-9497-4D16-B1F8-5F86AE2524A5}
	EndGlobalSection
EndGlobal
